// !$*UTF8*$!
{
	archiveVersion = 1;
	classes = {
	};
	objectVersion = 56;
	objects = {

/* Begin PBXBuildFile section */
		D61819E72BFB48990005DCBE /* TouchDownApp.swift in Sources */ = {isa = PBXBuildFile; fileRef = D61819E62BFB48990005DCBE /* TouchDownApp.swift */; };
		D61819E92BFB48990005DCBE /* ContentView.swift in Sources */ = {isa = PBXBuildFile; fileRef = D61819E82BFB48990005DCBE /* ContentView.swift */; };
		D61819EB2BFB489B0005DCBE /* Assets.xcassets in Resources */ = {isa = PBXBuildFile; fileRef = D61819EA2BFB489B0005DCBE /* Assets.xcassets */; };
		D61819EE2BFB489B0005DCBE /* Preview Assets.xcassets in Resources */ = {isa = PBXBuildFile; fileRef = D61819ED2BFB489B0005DCBE /* Preview Assets.xcassets */; };
		D61819F82BFC4F280005DCBE /* Constant.swift in Sources */ = {isa = PBXBuildFile; fileRef = D61819F72BFC4F280005DCBE /* Constant.swift */; };
		D6181A002BFC4F8D0005DCBE /* ProductModel.swift in Sources */ = {isa = PBXBuildFile; fileRef = D61819FC2BFC4F8D0005DCBE /* ProductModel.swift */; };
		D6181A012BFC4F8D0005DCBE /* CategoryModel.swift in Sources */ = {isa = PBXBuildFile; fileRef = D61819FD2BFC4F8D0005DCBE /* CategoryModel.swift */; };
		D6181A022BFC4F8D0005DCBE /* BrandModel.swift in Sources */ = {isa = PBXBuildFile; fileRef = D61819FE2BFC4F8D0005DCBE /* BrandModel.swift */; };
		D6181A032BFC4F8D0005DCBE /* PlayerModel.swift in Sources */ = {isa = PBXBuildFile; fileRef = D61819FF2BFC4F8D0005DCBE /* PlayerModel.swift */; };
		D6181A062BFC4FAF0005DCBE /* CodableBundleExtension.swift in Sources */ = {isa = PBXBuildFile; fileRef = D6181A052BFC4FAF0005DCBE /* CodableBundleExtension.swift */; };
		D6181A0D2BFC95740005DCBE /* FooterView.swift in Sources */ = {isa = PBXBuildFile; fileRef = D6181A0C2BFC95740005DCBE /* FooterView.swift */; };
		D6181A0F2BFD9B000005DCBE /* NavigationBarView.swift in Sources */ = {isa = PBXBuildFile; fileRef = D6181A0E2BFD9B000005DCBE /* NavigationBarView.swift */; };
		D6181A112BFD9C520005DCBE /* LogoView.swift in Sources */ = {isa = PBXBuildFile; fileRef = D6181A102BFD9C520005DCBE /* LogoView.swift */; };
		D6181A132BFDA1DE0005DCBE /* FeaturedItemView.swift in Sources */ = {isa = PBXBuildFile; fileRef = D6181A122BFDA1DE0005DCBE /* FeaturedItemView.swift */; };
		D6181A1A2BFDA3030005DCBE /* brand.json in Resources */ = {isa = PBXBuildFile; fileRef = D6181A192BFDA3030005DCBE /* brand.json */; };
		D6181A1C2BFDA30D0005DCBE /* player.json in Resources */ = {isa = PBXBuildFile; fileRef = D6181A1B2BFDA30D0005DCBE /* player.json */; };
		D6181A1E2BFDA3140005DCBE /* category.json in Resources */ = {isa = PBXBuildFile; fileRef = D6181A1D2BFDA3140005DCBE /* category.json */; };
		D6181A202BFDA3220005DCBE /* product.json in Resources */ = {isa = PBXBuildFile; fileRef = D6181A1F2BFDA3220005DCBE /* product.json */; };
		D6181A222BFDA3550005DCBE /* FeaturedTabView.swift in Sources */ = {isa = PBXBuildFile; fileRef = D6181A212BFDA3550005DCBE /* FeaturedTabView.swift */; };
		D6181A242C003F860005DCBE /* CatograyItemView.swift in Sources */ = {isa = PBXBuildFile; fileRef = D6181A232C003F860005DCBE /* CatograyItemView.swift */; };
		D6181A262C0041840005DCBE /* CatogryGridView.swift in Sources */ = {isa = PBXBuildFile; fileRef = D6181A252C0041840005DCBE /* CatogryGridView.swift */; };
/* End PBXBuildFile section */

/* Begin PBXFileReference section */
		D61819E32BFB48990005DCBE /* TouchDown.app */ = {isa = PBXFileReference; explicitFileType = wrapper.application; includeInIndex = 0; path = TouchDown.app; sourceTree = BUILT_PRODUCTS_DIR; };
		D61819E62BFB48990005DCBE /* TouchDownApp.swift */ = {isa = PBXFileReference; lastKnownFileType = sourcecode.swift; path = TouchDownApp.swift; sourceTree = "<group>"; };
		D61819E82BFB48990005DCBE /* ContentView.swift */ = {isa = PBXFileReference; lastKnownFileType = sourcecode.swift; path = ContentView.swift; sourceTree = "<group>"; };
		D61819EA2BFB489B0005DCBE /* Assets.xcassets */ = {isa = PBXFileReference; lastKnownFileType = folder.assetcatalog; path = Assets.xcassets; sourceTree = "<group>"; };
		D61819ED2BFB489B0005DCBE /* Preview Assets.xcassets */ = {isa = PBXFileReference; lastKnownFileType = folder.assetcatalog; path = "Preview Assets.xcassets"; sourceTree = "<group>"; };
		D61819F72BFC4F280005DCBE /* Constant.swift */ = {isa = PBXFileReference; lastKnownFileType = sourcecode.swift; path = Constant.swift; sourceTree = "<group>"; };
		D61819FC2BFC4F8D0005DCBE /* ProductModel.swift */ = {isa = PBXFileReference; fileEncoding = 4; lastKnownFileType = sourcecode.swift; path = ProductModel.swift; sourceTree = "<group>"; };
		D61819FD2BFC4F8D0005DCBE /* CategoryModel.swift */ = {isa = PBXFileReference; fileEncoding = 4; lastKnownFileType = sourcecode.swift; path = CategoryModel.swift; sourceTree = "<group>"; };
		D61819FE2BFC4F8D0005DCBE /* BrandModel.swift */ = {isa = PBXFileReference; fileEncoding = 4; lastKnownFileType = sourcecode.swift; path = BrandModel.swift; sourceTree = "<group>"; };
		D61819FF2BFC4F8D0005DCBE /* PlayerModel.swift */ = {isa = PBXFileReference; fileEncoding = 4; lastKnownFileType = sourcecode.swift; path = PlayerModel.swift; sourceTree = "<group>"; };
		D6181A052BFC4FAF0005DCBE /* CodableBundleExtension.swift */ = {isa = PBXFileReference; fileEncoding = 4; lastKnownFileType = sourcecode.swift; path = CodableBundleExtension.swift; sourceTree = "<group>"; };
		D6181A082BFC7EB00005DCBE /* Info.plist */ = {isa = PBXFileReference; lastKnownFileType = text.plist; path = Info.plist; sourceTree = "<group>"; };
		D6181A0C2BFC95740005DCBE /* FooterView.swift */ = {isa = PBXFileReference; lastKnownFileType = sourcecode.swift; path = FooterView.swift; sourceTree = "<group>"; };
		D6181A0E2BFD9B000005DCBE /* NavigationBarView.swift */ = {isa = PBXFileReference; lastKnownFileType = sourcecode.swift; path = NavigationBarView.swift; sourceTree = "<group>"; };
		D6181A102BFD9C520005DCBE /* LogoView.swift */ = {isa = PBXFileReference; lastKnownFileType = sourcecode.swift; path = LogoView.swift; sourceTree = "<group>"; };
		D6181A122BFDA1DE0005DCBE /* FeaturedItemView.swift */ = {isa = PBXFileReference; lastKnownFileType = sourcecode.swift; path = FeaturedItemView.swift; sourceTree = "<group>"; };
		D6181A192BFDA3030005DCBE /* brand.json */ = {isa = PBXFileReference; fileEncoding = 4; lastKnownFileType = text.json; path = brand.json; sourceTree = "<group>"; };
		D6181A1B2BFDA30D0005DCBE /* player.json */ = {isa = PBXFileReference; fileEncoding = 4; lastKnownFileType = text.json; path = player.json; sourceTree = "<group>"; };
		D6181A1D2BFDA3140005DCBE /* category.json */ = {isa = PBXFileReference; fileEncoding = 4; lastKnownFileType = text.json; path = category.json; sourceTree = "<group>"; };
		D6181A1F2BFDA3220005DCBE /* product.json */ = {isa = PBXFileReference; fileEncoding = 4; lastKnownFileType = text.json; path = product.json; sourceTree = "<group>"; };
		D6181A212BFDA3550005DCBE /* FeaturedTabView.swift */ = {isa = PBXFileReference; lastKnownFileType = sourcecode.swift; path = FeaturedTabView.swift; sourceTree = "<group>"; };
		D6181A232C003F860005DCBE /* CatograyItemView.swift */ = {isa = PBXFileReference; lastKnownFileType = sourcecode.swift; path = CatograyItemView.swift; sourceTree = "<group>"; };
		D6181A252C0041840005DCBE /* CatogryGridView.swift */ = {isa = PBXFileReference; lastKnownFileType = sourcecode.swift; path = CatogryGridView.swift; sourceTree = "<group>"; };
/* End PBXFileReference section */

/* Begin PBXFrameworksBuildPhase section */
		D61819E02BFB48990005DCBE /* Frameworks */ = {
			isa = PBXFrameworksBuildPhase;
			buildActionMask = 2147483647;
			files = (
			);
			runOnlyForDeploymentPostprocessing = 0;
		};
/* End PBXFrameworksBuildPhase section */

/* Begin PBXGroup section */
		D61819DA2BFB48990005DCBE = {
			isa = PBXGroup;
			children = (
				D61819E52BFB48990005DCBE /* TouchDown */,
				D61819E42BFB48990005DCBE /* Products */,
			);
			sourceTree = "<group>";
		};
		D61819E42BFB48990005DCBE /* Products */ = {
			isa = PBXGroup;
			children = (
				D61819E32BFB48990005DCBE /* TouchDown.app */,
			);
			name = Products;
			sourceTree = "<group>";
		};
		D61819E52BFB48990005DCBE /* TouchDown */ = {
			isa = PBXGroup;
			children = (
				D6181A092BFC7F410005DCBE /* View */,
				D6181A082BFC7EB00005DCBE /* Info.plist */,
				D6181A072BFC4FF70005DCBE /* App */,
				D6181A042BFC4F9F0005DCBE /* Extention */,
				D61819FB2BFC4F7D0005DCBE /* Model */,
				D61819F62BFC4F130005DCBE /* Utility */,
				D61819E62BFB48990005DCBE /* TouchDownApp.swift */,
				D61819EA2BFB489B0005DCBE /* Assets.xcassets */,
				D61819EC2BFB489B0005DCBE /* Preview Content */,
			);
			path = TouchDown;
			sourceTree = "<group>";
		};
		D61819EC2BFB489B0005DCBE /* Preview Content */ = {
			isa = PBXGroup;
			children = (
				D61819ED2BFB489B0005DCBE /* Preview Assets.xcassets */,
			);
			path = "Preview Content";
			sourceTree = "<group>";
		};
		D61819F62BFC4F130005DCBE /* Utility */ = {
			isa = PBXGroup;
			children = (
				D61819F72BFC4F280005DCBE /* Constant.swift */,
			);
			path = Utility;
			sourceTree = "<group>";
		};
		D61819FB2BFC4F7D0005DCBE /* Model */ = {
			isa = PBXGroup;
			children = (
				D61819FE2BFC4F8D0005DCBE /* BrandModel.swift */,
				D61819FD2BFC4F8D0005DCBE /* CategoryModel.swift */,
				D61819FF2BFC4F8D0005DCBE /* PlayerModel.swift */,
				D61819FC2BFC4F8D0005DCBE /* ProductModel.swift */,
				D6181A192BFDA3030005DCBE /* brand.json */,
				D6181A1B2BFDA30D0005DCBE /* player.json */,
				D6181A1D2BFDA3140005DCBE /* category.json */,
				D6181A1F2BFDA3220005DCBE /* product.json */,
			);
			path = Model;
			sourceTree = "<group>";
		};
		D6181A042BFC4F9F0005DCBE /* Extention */ = {
			isa = PBXGroup;
			children = (
				D6181A052BFC4FAF0005DCBE /* CodableBundleExtension.swift */,
			);
			path = Extention;
			sourceTree = "<group>";
		};
		D6181A072BFC4FF70005DCBE /* App */ = {
			isa = PBXGroup;
			children = (
				D61819E82BFB48990005DCBE /* ContentView.swift */,
				D6181A0E2BFD9B000005DCBE /* NavigationBarView.swift */,
				D6181A102BFD9C520005DCBE /* LogoView.swift */,
			);
			path = App;
			sourceTree = "<group>";
		};
		D6181A092BFC7F410005DCBE /* View */ = {
			isa = PBXGroup;
			children = (
				D6181A0B2BFC7F500005DCBE /* Detail */,
				D6181A0A2BFC7F480005DCBE /* Home */,
			);
			path = View;
			sourceTree = "<group>";
		};
		D6181A0A2BFC7F480005DCBE /* Home */ = {
			isa = PBXGroup;
			children = (
				D6181A0C2BFC95740005DCBE /* FooterView.swift */,
				D6181A122BFDA1DE0005DCBE /* FeaturedItemView.swift */,
				D6181A212BFDA3550005DCBE /* FeaturedTabView.swift */,
				D6181A232C003F860005DCBE /* CatograyItemView.swift */,
				D6181A252C0041840005DCBE /* CatogryGridView.swift */,
			);
			path = Home;
			sourceTree = "<group>";
		};
		D6181A0B2BFC7F500005DCBE /* Detail */ = {
			isa = PBXGroup;
			children = (
			);
			path = Detail;
			sourceTree = "<group>";
		};
/* End PBXGroup section */

/* Begin PBXNativeTarget section */
		D61819E22BFB48990005DCBE /* TouchDown */ = {
			isa = PBXNativeTarget;
			buildConfigurationList = D61819F12BFB489B0005DCBE /* Build configuration list for PBXNativeTarget "TouchDown" */;
			buildPhases = (
				D61819DF2BFB48990005DCBE /* Sources */,
				D61819E02BFB48990005DCBE /* Frameworks */,
				D61819E12BFB48990005DCBE /* Resources */,
			);
			buildRules = (
			);
			dependencies = (
			);
			name = TouchDown;
			productName = TouchDown;
			productReference = D61819E32BFB48990005DCBE /* TouchDown.app */;
			productType = "com.apple.product-type.application";
		};
/* End PBXNativeTarget section */

/* Begin PBXProject section */
		D61819DB2BFB48990005DCBE /* Project object */ = {
			isa = PBXProject;
			attributes = {
				BuildIndependentTargetsInParallel = 1;
				LastSwiftUpdateCheck = 1510;
				LastUpgradeCheck = 1510;
				TargetAttributes = {
					D61819E22BFB48990005DCBE = {
						CreatedOnToolsVersion = 15.1;
					};
				};
			};
			buildConfigurationList = D61819DE2BFB48990005DCBE /* Build configuration list for PBXProject "TouchDown" */;
			compatibilityVersion = "Xcode 14.0";
			developmentRegion = en;
			hasScannedForEncodings = 0;
			knownRegions = (
				en,
				Base,
			);
			mainGroup = D61819DA2BFB48990005DCBE;
			productRefGroup = D61819E42BFB48990005DCBE /* Products */;
			projectDirPath = "";
			projectRoot = "";
			targets = (
				D61819E22BFB48990005DCBE /* TouchDown */,
			);
		};
/* End PBXProject section */

/* Begin PBXResourcesBuildPhase section */
		D61819E12BFB48990005DCBE /* Resources */ = {
			isa = PBXResourcesBuildPhase;
			buildActionMask = 2147483647;
			files = (
				D6181A1C2BFDA30D0005DCBE /* player.json in Resources */,
				D61819EE2BFB489B0005DCBE /* Preview Assets.xcassets in Resources */,
				D6181A1E2BFDA3140005DCBE /* category.json in Resources */,
				D61819EB2BFB489B0005DCBE /* Assets.xcassets in Resources */,
				D6181A1A2BFDA3030005DCBE /* brand.json in Resources */,
				D6181A202BFDA3220005DCBE /* product.json in Resources */,
			);
			runOnlyForDeploymentPostprocessing = 0;
		};
/* End PBXResourcesBuildPhase section */

/* Begin PBXSourcesBuildPhase section */
		D61819DF2BFB48990005DCBE /* Sources */ = {
			isa = PBXSourcesBuildPhase;
			buildActionMask = 2147483647;
			files = (
				D6181A062BFC4FAF0005DCBE /* CodableBundleExtension.swift in Sources */,
				D61819E92BFB48990005DCBE /* ContentView.swift in Sources */,
				D6181A262C0041840005DCBE /* CatogryGridView.swift in Sources */,
				D6181A112BFD9C520005DCBE /* LogoView.swift in Sources */,
				D61819E72BFB48990005DCBE /* TouchDownApp.swift in Sources */,
				D6181A0D2BFC95740005DCBE /* FooterView.swift in Sources */,
				D6181A222BFDA3550005DCBE /* FeaturedTabView.swift in Sources */,
				D6181A0F2BFD9B000005DCBE /* NavigationBarView.swift in Sources */,
				D61819F82BFC4F280005DCBE /* Constant.swift in Sources */,
				D6181A132BFDA1DE0005DCBE /* FeaturedItemView.swift in Sources */,
				D6181A022BFC4F8D0005DCBE /* BrandModel.swift in Sources */,
				D6181A012BFC4F8D0005DCBE /* CategoryModel.swift in Sources */,
				D6181A242C003F860005DCBE /* CatograyItemView.swift in Sources */,
				D6181A002BFC4F8D0005DCBE /* ProductModel.swift in Sources */,
				D6181A032BFC4F8D0005DCBE /* PlayerModel.swift in Sources */,
			);
			runOnlyForDeploymentPostprocessing = 0;
		};
/* End PBXSourcesBuildPhase section */

/* Begin XCBuildConfiguration section */
		D61819EF2BFB489B0005DCBE /* Debug */ = {
			isa = XCBuildConfiguration;
			buildSettings = {
				ALWAYS_SEARCH_USER_PATHS = NO;
				ASSETCATALOG_COMPILER_GENERATE_SWIFT_ASSET_SYMBOL_EXTENSIONS = YES;
				CLANG_ANALYZER_NONNULL = YES;
				CLANG_ANALYZER_NUMBER_OBJECT_CONVERSION = YES_AGGRESSIVE;
				CLANG_CXX_LANGUAGE_STANDARD = "gnu++20";
				CLANG_ENABLE_MODULES = YES;
				CLANG_ENABLE_OBJC_ARC = YES;
				CLANG_ENABLE_OBJC_WEAK = YES;
				CLANG_WARN_BLOCK_CAPTURE_AUTORELEASING = YES;
				CLANG_WARN_BOOL_CONVERSION = YES;
				CLANG_WARN_COMMA = YES;
				CLANG_WARN_CONSTANT_CONVERSION = YES;
				CLANG_WARN_DEPRECATED_OBJC_IMPLEMENTATIONS = YES;
				CLANG_WARN_DIRECT_OBJC_ISA_USAGE = YES_ERROR;
				CLANG_WARN_DOCUMENTATION_COMMENTS = YES;
				CLANG_WARN_EMPTY_BODY = YES;
				CLANG_WARN_ENUM_CONVERSION = YES;
				CLANG_WARN_INFINITE_RECURSION = YES;
				CLANG_WARN_INT_CONVERSION = YES;
				CLANG_WARN_NON_LITERAL_NULL_CONVERSION = YES;
				CLANG_WARN_OBJC_IMPLICIT_RETAIN_SELF = YES;
				CLANG_WARN_OBJC_LITERAL_CONVERSION = YES;
				CLANG_WARN_OBJC_ROOT_CLASS = YES_ERROR;
				CLANG_WARN_QUOTED_INCLUDE_IN_FRAMEWORK_HEADER = YES;
				CLANG_WARN_RANGE_LOOP_ANALYSIS = YES;
				CLANG_WARN_STRICT_PROTOTYPES = YES;
				CLANG_WARN_SUSPICIOUS_MOVE = YES;
				CLANG_WARN_UNGUARDED_AVAILABILITY = YES_AGGRESSIVE;
				CLANG_WARN_UNREACHABLE_CODE = YES;
				CLANG_WARN__DUPLICATE_METHOD_MATCH = YES;
				COPY_PHASE_STRIP = NO;
				DEBUG_INFORMATION_FORMAT = dwarf;
				ENABLE_STRICT_OBJC_MSGSEND = YES;
				ENABLE_TESTABILITY = YES;
				ENABLE_USER_SCRIPT_SANDBOXING = YES;
				GCC_C_LANGUAGE_STANDARD = gnu17;
				GCC_DYNAMIC_NO_PIC = NO;
				GCC_NO_COMMON_BLOCKS = YES;
				GCC_OPTIMIZATION_LEVEL = 0;
				GCC_PREPROCESSOR_DEFINITIONS = (
					"DEBUG=1",
					"$(inherited)",
				);
				GCC_WARN_64_TO_32_BIT_CONVERSION = YES;
				GCC_WARN_ABOUT_RETURN_TYPE = YES_ERROR;
				GCC_WARN_UNDECLARED_SELECTOR = YES;
				GCC_WARN_UNINITIALIZED_AUTOS = YES_AGGRESSIVE;
				GCC_WARN_UNUSED_FUNCTION = YES;
				GCC_WARN_UNUSED_VARIABLE = YES;
				IPHONEOS_DEPLOYMENT_TARGET = 17.2;
				LOCALIZATION_PREFERS_STRING_CATALOGS = YES;
				MTL_ENABLE_DEBUG_INFO = INCLUDE_SOURCE;
				MTL_FAST_MATH = YES;
				ONLY_ACTIVE_ARCH = YES;
				SDKROOT = iphoneos;
				SWIFT_ACTIVE_COMPILATION_CONDITIONS = "DEBUG $(inherited)";
				SWIFT_OPTIMIZATION_LEVEL = "-Onone";
			};
			name = Debug;
		};
		D61819F02BFB489B0005DCBE /* Release */ = {
			isa = XCBuildConfiguration;
			buildSettings = {
				ALWAYS_SEARCH_USER_PATHS = NO;
				ASSETCATALOG_COMPILER_GENERATE_SWIFT_ASSET_SYMBOL_EXTENSIONS = YES;
				CLANG_ANALYZER_NONNULL = YES;
				CLANG_ANALYZER_NUMBER_OBJECT_CONVERSION = YES_AGGRESSIVE;
				CLANG_CXX_LANGUAGE_STANDARD = "gnu++20";
				CLANG_ENABLE_MODULES = YES;
				CLANG_ENABLE_OBJC_ARC = YES;
				CLANG_ENABLE_OBJC_WEAK = YES;
				CLANG_WARN_BLOCK_CAPTURE_AUTORELEASING = YES;
				CLANG_WARN_BOOL_CONVERSION = YES;
				CLANG_WARN_COMMA = YES;
				CLANG_WARN_CONSTANT_CONVERSION = YES;
				CLANG_WARN_DEPRECATED_OBJC_IMPLEMENTATIONS = YES;
				CLANG_WARN_DIRECT_OBJC_ISA_USAGE = YES_ERROR;
				CLANG_WARN_DOCUMENTATION_COMMENTS = YES;
				CLANG_WARN_EMPTY_BODY = YES;
				CLANG_WARN_ENUM_CONVERSION = YES;
				CLANG_WARN_INFINITE_RECURSION = YES;
				CLANG_WARN_INT_CONVERSION = YES;
				CLANG_WARN_NON_LITERAL_NULL_CONVERSION = YES;
				CLANG_WARN_OBJC_IMPLICIT_RETAIN_SELF = YES;
				CLANG_WARN_OBJC_LITERAL_CONVERSION = YES;
				CLANG_WARN_OBJC_ROOT_CLASS = YES_ERROR;
				CLANG_WARN_QUOTED_INCLUDE_IN_FRAMEWORK_HEADER = YES;
				CLANG_WARN_RANGE_LOOP_ANALYSIS = YES;
				CLANG_WARN_STRICT_PROTOTYPES = YES;
				CLANG_WARN_SUSPICIOUS_MOVE = YES;
				CLANG_WARN_UNGUARDED_AVAILABILITY = YES_AGGRESSIVE;
				CLANG_WARN_UNREACHABLE_CODE = YES;
				CLANG_WARN__DUPLICATE_METHOD_MATCH = YES;
				COPY_PHASE_STRIP = NO;
				DEBUG_INFORMATION_FORMAT = "dwarf-with-dsym";
				ENABLE_NS_ASSERTIONS = NO;
				ENABLE_STRICT_OBJC_MSGSEND = YES;
				ENABLE_USER_SCRIPT_SANDBOXING = YES;
				GCC_C_LANGUAGE_STANDARD = gnu17;
				GCC_NO_COMMON_BLOCKS = YES;
				GCC_WARN_64_TO_32_BIT_CONVERSION = YES;
				GCC_WARN_ABOUT_RETURN_TYPE = YES_ERROR;
				GCC_WARN_UNDECLARED_SELECTOR = YES;
				GCC_WARN_UNINITIALIZED_AUTOS = YES_AGGRESSIVE;
				GCC_WARN_UNUSED_FUNCTION = YES;
				GCC_WARN_UNUSED_VARIABLE = YES;
				IPHONEOS_DEPLOYMENT_TARGET = 17.2;
				LOCALIZATION_PREFERS_STRING_CATALOGS = YES;
				MTL_ENABLE_DEBUG_INFO = NO;
				MTL_FAST_MATH = YES;
				SDKROOT = iphoneos;
				SWIFT_COMPILATION_MODE = wholemodule;
				VALIDATE_PRODUCT = YES;
			};
			name = Release;
		};
		D61819F22BFB489B0005DCBE /* Debug */ = {
			isa = XCBuildConfiguration;
			buildSettings = {
				ASSETCATALOG_COMPILER_APPICON_NAME = AppIcon;
				ASSETCATALOG_COMPILER_GLOBAL_ACCENT_COLOR_NAME = AccentColor;
				CODE_SIGN_STYLE = Automatic;
				CURRENT_PROJECT_VERSION = 1;
				DEVELOPMENT_ASSET_PATHS = "\"TouchDown/Preview Content\"";
				ENABLE_PREVIEWS = YES;
				GENERATE_INFOPLIST_FILE = YES;
				INFOPLIST_FILE = TouchDown/Info.plist;
				INFOPLIST_KEY_UIApplicationSceneManifest_Generation = YES;
				INFOPLIST_KEY_UIApplicationSupportsIndirectInputEvents = YES;
				INFOPLIST_KEY_UISupportedInterfaceOrientations_iPad = "UIInterfaceOrientationPortrait UIInterfaceOrientationPortraitUpsideDown UIInterfaceOrientationLandscapeLeft UIInterfaceOrientationLandscapeRight";
				INFOPLIST_KEY_UISupportedInterfaceOrientations_iPhone = "UIInterfaceOrientationPortrait UIInterfaceOrientationLandscapeLeft UIInterfaceOrientationLandscapeRight";
				INFOPLIST_KEY_UIUserInterfaceStyle = Light;
				LD_RUNPATH_SEARCH_PATHS = (
					"$(inherited)",
					"@executable_path/Frameworks",
				);
				MARKETING_VERSION = 1.0;
				PRODUCT_BUNDLE_IDENTIFIER = XYZ.TouchDown;
				PRODUCT_NAME = "$(TARGET_NAME)";
				SWIFT_EMIT_LOC_STRINGS = YES;
				SWIFT_VERSION = 5.0;
				TARGETED_DEVICE_FAMILY = "1,2";
			};
			name = Debug;
		};
		D61819F32BFB489B0005DCBE /* Release */ = {
			isa = XCBuildConfiguration;
			buildSettings = {
				ASSETCATALOG_COMPILER_APPICON_NAME = AppIcon;
				ASSETCATALOG_COMPILER_GLOBAL_ACCENT_COLOR_NAME = AccentColor;
				CODE_SIGN_STYLE = Automatic;
				CURRENT_PROJECT_VERSION = 1;
				DEVELOPMENT_ASSET_PATHS = "\"TouchDown/Preview Content\"";
				ENABLE_PREVIEWS = YES;
				GENERATE_INFOPLIST_FILE = YES;
				INFOPLIST_FILE = TouchDown/Info.plist;
				INFOPLIST_KEY_UIApplicationSceneManifest_Generation = YES;
				INFOPLIST_KEY_UIApplicationSupportsIndirectInputEvents = YES;
				INFOPLIST_KEY_UISupportedInterfaceOrientations_iPad = "UIInterfaceOrientationPortrait UIInterfaceOrientationPortraitUpsideDown UIInterfaceOrientationLandscapeLeft UIInterfaceOrientationLandscapeRight";
				INFOPLIST_KEY_UISupportedInterfaceOrientations_iPhone = "UIInterfaceOrientationPortrait UIInterfaceOrientationLandscapeLeft UIInterfaceOrientationLandscapeRight";
				INFOPLIST_KEY_UIUserInterfaceStyle = Light;
				LD_RUNPATH_SEARCH_PATHS = (
					"$(inherited)",
					"@executable_path/Frameworks",
				);
				MARKETING_VERSION = 1.0;
				PRODUCT_BUNDLE_IDENTIFIER = XYZ.TouchDown;
				PRODUCT_NAME = "$(TARGET_NAME)";
				SWIFT_EMIT_LOC_STRINGS = YES;
				SWIFT_VERSION = 5.0;
				TARGETED_DEVICE_FAMILY = "1,2";
			};
			name = Release;
		};
/* End XCBuildConfiguration section */

/* Begin XCConfigurationList section */
		D61819DE2BFB48990005DCBE /* Build configuration list for PBXProject "TouchDown" */ = {
			isa = XCConfigurationList;
			buildConfigurations = (
				D61819EF2BFB489B0005DCBE /* Debug */,
				D61819F02BFB489B0005DCBE /* Release */,
			);
			defaultConfigurationIsVisible = 0;
			defaultConfigurationName = Release;
		};
		D61819F12BFB489B0005DCBE /* Build configuration list for PBXNativeTarget "TouchDown" */ = {
			isa = XCConfigurationList;
			buildConfigurations = (
				D61819F22BFB489B0005DCBE /* Debug */,
				D61819F32BFB489B0005DCBE /* Release */,
			);
			defaultConfigurationIsVisible = 0;
			defaultConfigurationName = Release;
		};
/* End XCConfigurationList section */
	};
	rootObject = D61819DB2BFB48990005DCBE /* Project object */;
}
